// !$*UTF8*$!
{
	archiveVersion = 1;
	classes = {
	};
	objectVersion = 56;
	objects = {

/* Begin PBXBuildFile section */
		60BAC8AB2A54472D00554B4A /* NasaPictureOftheDayApp.swift in Sources */ = {isa = PBXBuildFile; fileRef = 60BAC8AA2A54472D00554B4A /* NasaPictureOftheDayApp.swift */; };
		60BAC8AD2A54472D00554B4A /* ContentView.swift in Sources */ = {isa = PBXBuildFile; fileRef = 60BAC8AC2A54472D00554B4A /* ContentView.swift */; };
		60BAC8AF2A54472E00554B4A /* Assets.xcassets in Resources */ = {isa = PBXBuildFile; fileRef = 60BAC8AE2A54472E00554B4A /* Assets.xcassets */; };
		60BAC8B22A54472E00554B4A /* Preview Assets.xcassets in Resources */ = {isa = PBXBuildFile; fileRef = 60BAC8B12A54472E00554B4A /* Preview Assets.xcassets */; };
		60BAC8BB2A54489200554B4A /* POFTheDayModle.swift in Sources */ = {isa = PBXBuildFile; fileRef = 60BAC8BA2A54489200554B4A /* POFTheDayModle.swift */; };
		60DBDE3F2A54752F00272235 /* PotraitView.swift in Sources */ = {isa = PBXBuildFile; fileRef = 60DBDE3E2A54752F00272235 /* PotraitView.swift */; };
		60DBDE432A54760D00272235 /* LandScapeView.swift in Sources */ = {isa = PBXBuildFile; fileRef = 60DBDE422A54760D00272235 /* LandScapeView.swift */; };
		60DBDE452A54765900272235 /* ViewComponent.swift in Sources */ = {isa = PBXBuildFile; fileRef = 60DBDE442A54765900272235 /* ViewComponent.swift */; };
/* End PBXBuildFile section */

/* Begin PBXFileReference section */
		60BAC8A72A54472D00554B4A /* NasaPictureOftheDay.app */ = {isa = PBXFileReference; explicitFileType = wrapper.application; includeInIndex = 0; path = NasaPictureOftheDay.app; sourceTree = BUILT_PRODUCTS_DIR; };
		60BAC8AA2A54472D00554B4A /* NasaPictureOftheDayApp.swift */ = {isa = PBXFileReference; lastKnownFileType = sourcecode.swift; path = NasaPictureOftheDayApp.swift; sourceTree = "<group>"; };
		60BAC8AC2A54472D00554B4A /* ContentView.swift */ = {isa = PBXFileReference; lastKnownFileType = sourcecode.swift; path = ContentView.swift; sourceTree = "<group>"; };
		60BAC8AE2A54472E00554B4A /* Assets.xcassets */ = {isa = PBXFileReference; lastKnownFileType = folder.assetcatalog; path = Assets.xcassets; sourceTree = "<group>"; };
		60BAC8B12A54472E00554B4A /* Preview Assets.xcassets */ = {isa = PBXFileReference; lastKnownFileType = folder.assetcatalog; path = "Preview Assets.xcassets"; sourceTree = "<group>"; };
		60BAC8BA2A54489200554B4A /* POFTheDayModle.swift */ = {isa = PBXFileReference; lastKnownFileType = sourcecode.swift; path = POFTheDayModle.swift; sourceTree = "<group>"; };
		60DBDE3E2A54752F00272235 /* PotraitView.swift */ = {isa = PBXFileReference; lastKnownFileType = sourcecode.swift; path = PotraitView.swift; sourceTree = "<group>"; };
		60DBDE422A54760D00272235 /* LandScapeView.swift */ = {isa = PBXFileReference; lastKnownFileType = sourcecode.swift; path = LandScapeView.swift; sourceTree = "<group>"; };
		60DBDE442A54765900272235 /* ViewComponent.swift */ = {isa = PBXFileReference; lastKnownFileType = sourcecode.swift; path = ViewComponent.swift; sourceTree = "<group>"; };
/* End PBXFileReference section */

/* Begin PBXFrameworksBuildPhase section */
		60BAC8A42A54472D00554B4A /* Frameworks */ = {
			isa = PBXFrameworksBuildPhase;
			buildActionMask = 2147483647;
			files = (
			);
			runOnlyForDeploymentPostprocessing = 0;
		};
/* End PBXFrameworksBuildPhase section */

/* Begin PBXGroup section */
		60BAC89E2A54472D00554B4A = {
			isa = PBXGroup;
			children = (
				60BAC8A92A54472D00554B4A /* NasaPictureOftheDay */,
				60BAC8A82A54472D00554B4A /* Products */,
			);
			sourceTree = "<group>";
		};
		60BAC8A82A54472D00554B4A /* Products */ = {
			isa = PBXGroup;
			children = (
				60BAC8A72A54472D00554B4A /* NasaPictureOftheDay.app */,
			);
			name = Products;
			sourceTree = "<group>";
		};
		60BAC8A92A54472D00554B4A /* NasaPictureOftheDay */ = {
			isa = PBXGroup;
			children = (
				60BAC8AA2A54472D00554B4A /* NasaPictureOftheDayApp.swift */,
				60BAC8B92A54486500554B4A /* Modle */,
				60BAC8B82A54485600554B4A /* Screen */,
				60BAC8AE2A54472E00554B4A /* Assets.xcassets */,
				60BAC8B02A54472E00554B4A /* Preview Content */,
			);
			path = NasaPictureOftheDay;
			sourceTree = "<group>";
		};
		60BAC8B02A54472E00554B4A /* Preview Content */ = {
			isa = PBXGroup;
			children = (
				60BAC8B12A54472E00554B4A /* Preview Assets.xcassets */,
			);
			path = "Preview Content";
			sourceTree = "<group>";
		};
		60BAC8B82A54485600554B4A /* Screen */ = {
			isa = PBXGroup;
			children = (
				60BAC8AC2A54472D00554B4A /* ContentView.swift */,
				60DBDE3E2A54752F00272235 /* PotraitView.swift */,
				60DBDE422A54760D00272235 /* LandScapeView.swift */,
				60DBDE442A54765900272235 /* ViewComponent.swift */,
			);
			path = Screen;
			sourceTree = "<group>";
		};
		60BAC8B92A54486500554B4A /* Modle */ = {
			isa = PBXGroup;
			children = (
				60BAC8BA2A54489200554B4A /* POFTheDayModle.swift */,
			);
			path = Modle;
			sourceTree = "<group>";
		};
/* End PBXGroup section */

/* Begin PBXNativeTarget section */
		60BAC8A62A54472D00554B4A /* NasaPictureOftheDay */ = {
			isa = PBXNativeTarget;
			buildConfigurationList = 60BAC8B52A54472E00554B4A /* Build configuration list for PBXNativeTarget "NasaPictureOftheDay" */;
			buildPhases = (
				60BAC8A32A54472D00554B4A /* Sources */,
				60BAC8A42A54472D00554B4A /* Frameworks */,
				60BAC8A52A54472D00554B4A /* Resources */,
			);
			buildRules = (
			);
			dependencies = (
			);
			name = NasaPictureOftheDay;
			productName = NasaPictureOftheDay;
			productReference = 60BAC8A72A54472D00554B4A /* NasaPictureOftheDay.app */;
			productType = "com.apple.product-type.application";
		};
/* End PBXNativeTarget section */

/* Begin PBXProject section */
		60BAC89F2A54472D00554B4A /* Project object */ = {
			isa = PBXProject;
			attributes = {
				BuildIndependentTargetsInParallel = 1;
				LastSwiftUpdateCheck = 1430;
				LastUpgradeCheck = 1430;
				TargetAttributes = {
					60BAC8A62A54472D00554B4A = {
						CreatedOnToolsVersion = 14.3.1;
					};
				};
			};
			buildConfigurationList = 60BAC8A22A54472D00554B4A /* Build configuration list for PBXProject "NasaPictureOftheDay" */;
			compatibilityVersion = "Xcode 14.0";
			developmentRegion = en;
			hasScannedForEncodings = 0;
			knownRegions = (
				en,
				Base,
			);
			mainGroup = 60BAC89E2A54472D00554B4A;
			productRefGroup = 60BAC8A82A54472D00554B4A /* Products */;
			projectDirPath = "";
			projectRoot = "";
			targets = (
				60BAC8A62A54472D00554B4A /* NasaPictureOftheDay */,
			);
		};
/* End PBXProject section */

/* Begin PBXResourcesBuildPhase section */
		60BAC8A52A54472D00554B4A /* Resources */ = {
			isa = PBXResourcesBuildPhase;
			buildActionMask = 2147483647;
			files = (
				60BAC8B22A54472E00554B4A /* Preview Assets.xcassets in Resources */,
				60BAC8AF2A54472E00554B4A /* Assets.xcassets in Resources */,
			);
			runOnlyForDeploymentPostprocessing = 0;
		};
/* End PBXResourcesBuildPhase section */

/* Begin PBXSourcesBuildPhase section */
		60BAC8A32A54472D00554B4A /* Sources */ = {
			isa = PBXSourcesBuildPhase;
			buildActionMask = 2147483647;
			files = (
				60BAC8BB2A54489200554B4A /* POFTheDayModle.swift in Sources */,
				60BAC8AD2A54472D00554B4A /* ContentView.swift in Sources */,
				60DBDE452A54765900272235 /* ViewComponent.swift in Sources */,
				60DBDE3F2A54752F00272235 /* PotraitView.swift in Sources */,
				60BAC8AB2A54472D00554B4A /* NasaPictureOftheDayApp.swift in Sources */,
				60DBDE432A54760D00272235 /* LandScapeView.swift in Sources */,
			);
			runOnlyForDeploymentPostprocessing = 0;
		};
/* End PBXSourcesBuildPhase section */

/* Begin XCBuildConfiguration section */
		60BAC8B32A54472E00554B4A /* Debug */ = {
			isa = XCBuildConfiguration;
			buildSettings = {
				ALWAYS_SEARCH_USER_PATHS = NO;
				CLANG_ANALYZER_NONNULL = YES;
				CLANG_ANALYZER_NUMBER_OBJECT_CONVERSION = YES_AGGRESSIVE;
				CLANG_CXX_LANGUAGE_STANDARD = "gnu++20";
				CLANG_ENABLE_MODULES = YES;
				CLANG_ENABLE_OBJC_ARC = YES;
				CLANG_ENABLE_OBJC_WEAK = YES;
				CLANG_WARN_BLOCK_CAPTURE_AUTORELEASING = YES;
				CLANG_WARN_BOOL_CONVERSION = YES;
				CLANG_WARN_COMMA = YES;
				CLANG_WARN_CONSTANT_CONVERSION = YES;
				CLANG_WARN_DEPRECATED_OBJC_IMPLEMENTATIONS = YES;
				CLANG_WARN_DIRECT_OBJC_ISA_USAGE = YES_ERROR;
				CLANG_WARN_DOCUMENTATION_COMMENTS = YES;
				CLANG_WARN_EMPTY_BODY = YES;
				CLANG_WARN_ENUM_CONVERSION = YES;
				CLANG_WARN_INFINITE_RECURSION = YES;
				CLANG_WARN_INT_CONVERSION = YES;
				CLANG_WARN_NON_LITERAL_NULL_CONVERSION = YES;
				CLANG_WARN_OBJC_IMPLICIT_RETAIN_SELF = YES;
				CLANG_WARN_OBJC_LITERAL_CONVERSION = YES;
				CLANG_WARN_OBJC_ROOT_CLASS = YES_ERROR;
				CLANG_WARN_QUOTED_INCLUDE_IN_FRAMEWORK_HEADER = YES;
				CLANG_WARN_RANGE_LOOP_ANALYSIS = YES;
				CLANG_WARN_STRICT_PROTOTYPES = YES;
				CLANG_WARN_SUSPICIOUS_MOVE = YES;
				CLANG_WARN_UNGUARDED_AVAILABILITY = YES_AGGRESSIVE;
				CLANG_WARN_UNREACHABLE_CODE = YES;
				CLANG_WARN__DUPLICATE_METHOD_MATCH = YES;
				COPY_PHASE_STRIP = NO;
				DEBUG_INFORMATION_FORMAT = dwarf;
				ENABLE_STRICT_OBJC_MSGSEND = YES;
				ENABLE_TESTABILITY = YES;
				GCC_C_LANGUAGE_STANDARD = gnu11;
				GCC_DYNAMIC_NO_PIC = NO;
				GCC_NO_COMMON_BLOCKS = YES;
				GCC_OPTIMIZATION_LEVEL = 0;
				GCC_PREPROCESSOR_DEFINITIONS = (
					"DEBUG=1",
					"$(inherited)",
				);
				GCC_WARN_64_TO_32_BIT_CONVERSION = YES;
				GCC_WARN_ABOUT_RETURN_TYPE = YES_ERROR;
				GCC_WARN_UNDECLARED_SELECTOR = YES;
				GCC_WARN_UNINITIALIZED_AUTOS = YES_AGGRESSIVE;
				GCC_WARN_UNUSED_FUNCTION = YES;
				GCC_WARN_UNUSED_VARIABLE = YES;
				IPHONEOS_DEPLOYMENT_TARGET = 16.4;
				MTL_ENABLE_DEBUG_INFO = INCLUDE_SOURCE;
				MTL_FAST_MATH = YES;
				ONLY_ACTIVE_ARCH = YES;
				SDKROOT = iphoneos;
				SWIFT_ACTIVE_COMPILATION_CONDITIONS = DEBUG;
				SWIFT_OPTIMIZATION_LEVEL = "-Onone";
			};
			name = Debug;
		};
		60BAC8B42A54472E00554B4A /* Release */ = {
			isa = XCBuildConfiguration;
			buildSettings = {
				ALWAYS_SEARCH_USER_PATHS = NO;
				CLANG_ANALYZER_NONNULL = YES;
				CLANG_ANALYZER_NUMBER_OBJECT_CONVERSION = YES_AGGRESSIVE;
				CLANG_CXX_LANGUAGE_STANDARD = "gnu++20";
				CLANG_ENABLE_MODULES = YES;
				CLANG_ENABLE_OBJC_ARC = YES;
				CLANG_ENABLE_OBJC_WEAK = YES;
				CLANG_WARN_BLOCK_CAPTURE_AUTORELEASING = YES;
				CLANG_WARN_BOOL_CONVERSION = YES;
				CLANG_WARN_COMMA = YES;
				CLANG_WARN_CONSTANT_CONVERSION = YES;
				CLANG_WARN_DEPRECATED_OBJC_IMPLEMENTATIONS = YES;
				CLANG_WARN_DIRECT_OBJC_ISA_USAGE = YES_ERROR;
				CLANG_WARN_DOCUMENTATION_COMMENTS = YES;
				CLANG_WARN_EMPTY_BODY = YES;
				CLANG_WARN_ENUM_CONVERSION = YES;
				CLANG_WARN_INFINITE_RECURSION = YES;
				CLANG_WARN_INT_CONVERSION = YES;
				CLANG_WARN_NON_LITERAL_NULL_CONVERSION = YES;
				CLANG_WARN_OBJC_IMPLICIT_RETAIN_SELF = YES;
				CLANG_WARN_OBJC_LITERAL_CONVERSION = YES;
				CLANG_WARN_OBJC_ROOT_CLASS = YES_ERROR;
				CLANG_WARN_QUOTED_INCLUDE_IN_FRAMEWORK_HEADER = YES;
				CLANG_WARN_RANGE_LOOP_ANALYSIS = YES;
				CLANG_WARN_STRICT_PROTOTYPES = YES;
				CLANG_WARN_SUSPICIOUS_MOVE = YES;
				CLANG_WARN_UNGUARDED_AVAILABILITY = YES_AGGRESSIVE;
				CLANG_WARN_UNREACHABLE_CODE = YES;
				CLANG_WARN__DUPLICATE_METHOD_MATCH = YES;
				COPY_PHASE_STRIP = NO;
				DEBUG_INFORMATION_FORMAT = "dwarf-with-dsym";
				ENABLE_NS_ASSERTIONS = NO;
				ENABLE_STRICT_OBJC_MSGSEND = YES;
				GCC_C_LANGUAGE_STANDARD = gnu11;
				GCC_NO_COMMON_BLOCKS = YES;
				GCC_WARN_64_TO_32_BIT_CONVERSION = YES;
				GCC_WARN_ABOUT_RETURN_TYPE = YES_ERROR;
				GCC_WARN_UNDECLARED_SELECTOR = YES;
				GCC_WARN_UNINITIALIZED_AUTOS = YES_AGGRESSIVE;
				GCC_WARN_UNUSED_FUNCTION = YES;
				GCC_WARN_UNUSED_VARIABLE = YES;
				IPHONEOS_DEPLOYMENT_TARGET = 16.4;
				MTL_ENABLE_DEBUG_INFO = NO;
				MTL_FAST_MATH = YES;
				SDKROOT = iphoneos;
				SWIFT_COMPILATION_MODE = wholemodule;
				SWIFT_OPTIMIZATION_LEVEL = "-O";
				VALIDATE_PRODUCT = YES;
			};
			name = Release;
		};
		60BAC8B62A54472E00554B4A /* Debug */ = {
			isa = XCBuildConfiguration;
			buildSettings = {
				ASSETCATALOG_COMPILER_APPICON_NAME = AppIcon;
				ASSETCATALOG_COMPILER_GLOBAL_ACCENT_COLOR_NAME = AccentColor;
				CODE_SIGN_STYLE = Automatic;
				CURRENT_PROJECT_VERSION = 1;
				DEVELOPMENT_ASSET_PATHS = "\"NasaPictureOftheDay/Preview Content\"";
				ENABLE_PREVIEWS = YES;
				GENERATE_INFOPLIST_FILE = YES;
				INFOPLIST_KEY_UIApplicationSceneManifest_Generation = YES;
				INFOPLIST_KEY_UIApplicationSupportsIndirectInputEvents = YES;
				INFOPLIST_KEY_UILaunchScreen_Generation = YES;
				INFOPLIST_KEY_UISupportedInterfaceOrientations_iPad = "UIInterfaceOrientationPortrait UIInterfaceOrientationPortraitUpsideDown UIInterfaceOrientationLandscapeLeft UIInterfaceOrientationLandscapeRight";
				INFOPLIST_KEY_UISupportedInterfaceOrientations_iPhone = "UIInterfaceOrientationPortrait UIInterfaceOrientationLandscapeLeft UIInterfaceOrientationLandscapeRight";
				LD_RUNPATH_SEARCH_PATHS = (
					"$(inherited)",
					"@executable_path/Frameworks",
				);
				MARKETING_VERSION = 1.0;
				PRODUCT_BUNDLE_IDENTIFIER = "com.mukund-vaghasiya.NasaPictureOftheDay";
				PRODUCT_NAME = "$(TARGET_NAME)";
				SWIFT_EMIT_LOC_STRINGS = YES;
				SWIFT_VERSION = 5.0;
				TARGETED_DEVICE_FAMILY = "1,2";
			};
			name = Debug;
		};
		60BAC8B72A54472E00554B4A /* Release */ = {
			isa = XCBuildConfiguration;
			buildSettings = {
				ASSETCATALOG_COMPILER_APPICON_NAME = AppIcon;
				ASSETCATALOG_COMPILER_GLOBAL_ACCENT_COLOR_NAME = AccentColor;
				CODE_SIGN_STYLE = Automatic;
				CURRENT_PROJECT_VERSION = 1;
				DEVELOPMENT_ASSET_PATHS = "\"NasaPictureOftheDay/Preview Content\"";
				ENABLE_PREVIEWS = YES;
				GENERATE_INFOPLIST_FILE = YES;
				INFOPLIST_KEY_UIApplicationSceneManifest_Generation = YES;
				INFOPLIST_KEY_UIApplicationSupportsIndirectInputEvents = YES;
				INFOPLIST_KEY_UILaunchScreen_Generation = YES;
				INFOPLIST_KEY_UISupportedInterfaceOrientations_iPad = "UIInterfaceOrientationPortrait UIInterfaceOrientationPortraitUpsideDown UIInterfaceOrientationLandscapeLeft UIInterfaceOrientationLandscapeRight";
				INFOPLIST_KEY_UISupportedInterfaceOrientations_iPhone = "UIInterfaceOrientationPortrait UIInterfaceOrientationLandscapeLeft UIInterfaceOrientationLandscapeRight";
				LD_RUNPATH_SEARCH_PATHS = (
					"$(inherited)",
					"@executable_path/Frameworks",
				);
				MARKETING_VERSION = 1.0;
				PRODUCT_BUNDLE_IDENTIFIER = "com.mukund-vaghasiya.NasaPictureOftheDay";
				PRODUCT_NAME = "$(TARGET_NAME)";
				SWIFT_EMIT_LOC_STRINGS = YES;
				SWIFT_VERSION = 5.0;
				TARGETED_DEVICE_FAMILY = "1,2";
			};
			name = Release;
		};
/* End XCBuildConfiguration section */

/* Begin XCConfigurationList section */
		60BAC8A22A54472D00554B4A /* Build configuration list for PBXProject "NasaPictureOftheDay" */ = {
			isa = XCConfigurationList;
			buildConfigurations = (
				60BAC8B32A54472E00554B4A /* Debug */,
				60BAC8B42A54472E00554B4A /* Release */,
			);
			defaultConfigurationIsVisible = 0;
			defaultConfigurationName = Release;
		};
		60BAC8B52A54472E00554B4A /* Build configuration list for PBXNativeTarget "NasaPictureOftheDay" */ = {
			isa = XCConfigurationList;
			buildConfigurations = (
				60BAC8B62A54472E00554B4A /* Debug */,
				60BAC8B72A54472E00554B4A /* Release */,
			);
			defaultConfigurationIsVisible = 0;
			defaultConfigurationName = Release;
		};
/* End XCConfigurationList section */
	};
	rootObject = 60BAC89F2A54472D00554B4A /* Project object */;
}
